
Microsoft Visual Studio Solution File, Format Version 12.00
# Visual Studio Version 16
VisualStudioVersion = 16.0.28803.452
MinimumVisualStudioVersion = 10.0.40219.1
Project("{FAE04EC0-301F-11D3-BF4B-00C04F79EFBC}") = "HWGeoLocation", "HWGeoLocation\HWGeoLocation.csproj", "{D3DBBC1B-DFED-4118-BB92-95678A0F6453}"
EndProject
Global
	GlobalSection(SolutionConfigurationPlatforms) = preSolution
		Debug|Any CPU = Debug|Any CPU
		Release|Any CPU = Release|Any CPU
	EndGlobalSection
	GlobalSection(ProjectConfigurationPlatforms) = postSolution
		{D3DBBC1B-DFED-4118-BB92-95678A0F6453}.Debug|Any CPU.ActiveCfg = Debug|Any CPU
		{D3DBBC1B-DFED-4118-BB92-95678A0F6453}.Debug|Any CPU.Build.0 = Debug|Any CPU
		{D3DBBC1B-DFED-4118-BB92-95678A0F6453}.Release|Any CPU.ActiveCfg = Release|Any CPU
		{D3DBBC1B-DFED-4118-BB92-95678A0F6453}.Release|Any CPU.Build.0 = Release|Any CPU
	EndGlobalSection
	GlobalSection(SolutionProperties) = preSolution
		HideSolutionNode = FALSE
	EndGlobalSection
	GlobalSection(ExtensibilityGlobals) = postSolution
		SolutionGuid = {EE436ECC-CAE0-4A2F-9D5A-1D54F5CCE212}
	EndGlobalSection
EndGlobal
